// !$*UTF8*$!
{
	archiveVersion = 1;
	classes = {
	};
	objectVersion = 46;
	objects = {

/* Begin PBXBuildFile section */
		770E5DB91C36A40600EFB398 /* AppDelegate.swift in Sources */ = {isa = PBXBuildFile; fileRef = 770E5DB81C36A40600EFB398 /* AppDelegate.swift */; };
		770E5DBB1C36A40600EFB398 /* ViewController.swift in Sources */ = {isa = PBXBuildFile; fileRef = 770E5DBA1C36A40600EFB398 /* ViewController.swift */; };
		770E5DBE1C36A40600EFB398 /* Main.storyboard in Resources */ = {isa = PBXBuildFile; fileRef = 770E5DBC1C36A40600EFB398 /* Main.storyboard */; };
		770E5DC01C36A40600EFB398 /* Assets.xcassets in Resources */ = {isa = PBXBuildFile; fileRef = 770E5DBF1C36A40600EFB398 /* Assets.xcassets */; };
		770E5DC31C36A40600EFB398 /* LaunchScreen.storyboard in Resources */ = {isa = PBXBuildFile; fileRef = 770E5DC11C36A40600EFB398 /* LaunchScreen.storyboard */; };
		770E5DCB1C36A41A00EFB398 /* Jokes.swift in Sources */ = {isa = PBXBuildFile; fileRef = 770E5DCA1C36A41A00EFB398 /* Jokes.swift */; };
		770E5DCF1C36A85400EFB398 /* Collections.swift in Sources */ = {isa = PBXBuildFile; fileRef = 770E5DCE1C36A85400EFB398 /* Collections.swift */; };
		770E5DD21C36BB3C00EFB398 /* ChuckNorris.png in Resources */ = {isa = PBXBuildFile; fileRef = 770E5DD11C36BB3C00EFB398 /* ChuckNorris.png */; };
/* End PBXBuildFile section */

/* Begin PBXFileReference section */
		770E5DB51C36A40600EFB398 /* Joker.app */ = {isa = PBXFileReference; explicitFileType = wrapper.application; includeInIndex = 0; path = Joker.app; sourceTree = BUILT_PRODUCTS_DIR; };
		770E5DB81C36A40600EFB398 /* AppDelegate.swift */ = {isa = PBXFileReference; lastKnownFileType = sourcecode.swift; path = AppDelegate.swift; sourceTree = "<group>"; };
		770E5DBA1C36A40600EFB398 /* ViewController.swift */ = {isa = PBXFileReference; lastKnownFileType = sourcecode.swift; path = ViewController.swift; sourceTree = "<group>"; };
		770E5DBD1C36A40600EFB398 /* Base */ = {isa = PBXFileReference; lastKnownFileType = file.storyboard; name = Base; path = Base.lproj/Main.storyboard; sourceTree = "<group>"; };
		770E5DBF1C36A40600EFB398 /* Assets.xcassets */ = {isa = PBXFileReference; lastKnownFileType = folder.assetcatalog; path = Assets.xcassets; sourceTree = "<group>"; };
		770E5DC21C36A40600EFB398 /* Base */ = {isa = PBXFileReference; lastKnownFileType = file.storyboard; name = Base; path = Base.lproj/LaunchScreen.storyboard; sourceTree = "<group>"; };
		770E5DC41C36A40600EFB398 /* Info.plist */ = {isa = PBXFileReference; lastKnownFileType = text.plist.xml; path = Info.plist; sourceTree = "<group>"; };
		770E5DCA1C36A41A00EFB398 /* Jokes.swift */ = {isa = PBXFileReference; fileEncoding = 4; lastKnownFileType = sourcecode.swift; path = Jokes.swift; sourceTree = "<group>"; };
		770E5DCE1C36A85400EFB398 /* Collections.swift */ = {isa = PBXFileReference; fileEncoding = 4; lastKnownFileType = sourcecode.swift; path = Collections.swift; sourceTree = "<group>"; };
		770E5DD11C36BB3C00EFB398 /* ChuckNorris.png */ = {isa = PBXFileReference; lastKnownFileType = image.png; path = ChuckNorris.png; sourceTree = "<group>"; };
/* End PBXFileReference section */

/* Begin PBXFrameworksBuildPhase section */
		770E5DB21C36A40600EFB398 /* Frameworks */ = {
			isa = PBXFrameworksBuildPhase;
			buildActionMask = 2147483647;
			files = (
			);
			runOnlyForDeploymentPostprocessing = 0;
		};
/* End PBXFrameworksBuildPhase section */

/* Begin PBXGroup section */
		770E5DAC1C36A40600EFB398 = {
			isa = PBXGroup;
			children = (
				770E5DB71C36A40600EFB398 /* Joker */,
				770E5DB61C36A40600EFB398 /* Products */,
			);
			sourceTree = "<group>";
		};
		770E5DB61C36A40600EFB398 /* Products */ = {
			isa = PBXGroup;
			children = (
				770E5DB51C36A40600EFB398 /* Joker.app */,
			);
			name = Products;
			sourceTree = "<group>";
		};
		770E5DB71C36A40600EFB398 /* Joker */ = {
			isa = PBXGroup;
			children = (
				770E5DD01C36BB2A00EFB398 /* Images */,
				770E5DCD1C36A84600EFB398 /* HelperProtocols */,
				770E5DB81C36A40600EFB398 /* AppDelegate.swift */,
				770E5DBA1C36A40600EFB398 /* ViewController.swift */,
				770E5DBC1C36A40600EFB398 /* Main.storyboard */,
				770E5DBF1C36A40600EFB398 /* Assets.xcassets */,
				770E5DC11C36A40600EFB398 /* LaunchScreen.storyboard */,
				770E5DC41C36A40600EFB398 /* Info.plist */,
				770E5DCA1C36A41A00EFB398 /* Jokes.swift */,
			);
			path = Joker;
			sourceTree = "<group>";
		};
		770E5DCD1C36A84600EFB398 /* HelperProtocols */ = {
			isa = PBXGroup;
			children = (
				770E5DCE1C36A85400EFB398 /* Collections.swift */,
			);
			name = HelperProtocols;
			sourceTree = "<group>";
		};
		770E5DD01C36BB2A00EFB398 /* Images */ = {
			isa = PBXGroup;
			children = (
				770E5DD11C36BB3C00EFB398 /* ChuckNorris.png */,
			);
			name = Images;
			sourceTree = "<group>";
		};
/* End PBXGroup section */

/* Begin PBXNativeTarget section */
		770E5DB41C36A40600EFB398 /* Joker */ = {
			isa = PBXNativeTarget;
			buildConfigurationList = 770E5DC71C36A40600EFB398 /* Build configuration list for PBXNativeTarget "Joker" */;
			buildPhases = (
				770E5DB11C36A40600EFB398 /* Sources */,
				770E5DB21C36A40600EFB398 /* Frameworks */,
				770E5DB31C36A40600EFB398 /* Resources */,
			);
			buildRules = (
			);
			dependencies = (
			);
			name = Joker;
			productName = Joker;
			productReference = 770E5DB51C36A40600EFB398 /* Joker.app */;
			productType = "com.apple.product-type.application";
		};
/* End PBXNativeTarget section */

/* Begin PBXProject section */
		770E5DAD1C36A40600EFB398 /* Project object */ = {
			isa = PBXProject;
			attributes = {
				LastSwiftUpdateCheck = 0720;
				LastUpgradeCheck = 0720;
				ORGANIZATIONNAME = Josh.Land;
				TargetAttributes = {
					770E5DB41C36A40600EFB398 = {
						CreatedOnToolsVersion = 7.2;
						DevelopmentTeam = JFF7TCRQZ7;
					};
				};
			};
			buildConfigurationList = 770E5DB01C36A40600EFB398 /* Build configuration list for PBXProject "Joker" */;
			compatibilityVersion = "Xcode 3.2";
			developmentRegion = English;
			hasScannedForEncodings = 0;
			knownRegions = (
				en,
				Base,
			);
			mainGroup = 770E5DAC1C36A40600EFB398;
			productRefGroup = 770E5DB61C36A40600EFB398 /* Products */;
			projectDirPath = "";
			projectRoot = "";
			targets = (
				770E5DB41C36A40600EFB398 /* Joker */,
			);
		};
/* End PBXProject section */

/* Begin PBXResourcesBuildPhase section */
		770E5DB31C36A40600EFB398 /* Resources */ = {
			isa = PBXResourcesBuildPhase;
			buildActionMask = 2147483647;
			files = (
				770E5DC31C36A40600EFB398 /* LaunchScreen.storyboard in Resources */,
				770E5DD21C36BB3C00EFB398 /* ChuckNorris.png in Resources */,
				770E5DC01C36A40600EFB398 /* Assets.xcassets in Resources */,
				770E5DBE1C36A40600EFB398 /* Main.storyboard in Resources */,
			);
			runOnlyForDeploymentPostprocessing = 0;
		};
/* End PBXResourcesBuildPhase section */

/* Begin PBXSourcesBuildPhase section */
		770E5DB11C36A40600EFB398 /* Sources */ = {
			isa = PBXSourcesBuildPhase;
			buildActionMask = 2147483647;
			files = (
				770E5DBB1C36A40600EFB398 /* ViewController.swift in Sources */,
				770E5DCB1C36A41A00EFB398 /* Jokes.swift in Sources */,
				770E5DB91C36A40600EFB398 /* AppDelegate.swift in Sources */,
				770E5DCF1C36A85400EFB398 /* Collections.swift in Sources */,
			);
			runOnlyForDeploymentPostprocessing = 0;
		};
/* End PBXSourcesBuildPhase section */

/* Begin PBXVariantGroup section */
		770E5DBC1C36A40600EFB398 /* Main.storyboard */ = {
			isa = PBXVariantGroup;
			children = (
				770E5DBD1C36A40600EFB398 /* Base */,
			);
			name = Main.storyboard;
			sourceTree = "<group>";
		};
		770E5DC11C36A40600EFB398 /* LaunchScreen.storyboard */ = {
			isa = PBXVariantGroup;
			children = (
				770E5DC21C36A40600EFB398 /* Base */,
			);
			name = LaunchScreen.storyboard;
			sourceTree = "<group>";
		};
/* End PBXVariantGroup section */

/* Begin XCBuildConfiguration section */
		770E5DC51C36A40600EFB398 /* Debug */ = {
			isa = XCBuildConfiguration;
			buildSettings = {
				ALWAYS_SEARCH_USER_PATHS = NO;
				CLANG_CXX_LANGUAGE_STANDARD = "gnu++0x";
				CLANG_CXX_LIBRARY = "libc++";
				CLANG_ENABLE_MODULES = YES;
				CLANG_ENABLE_OBJC_ARC = YES;
				CLANG_WARN_BOOL_CONVERSION = YES;
				CLANG_WARN_CONSTANT_CONVERSION = YES;
				CLANG_WARN_DIRECT_OBJC_ISA_USAGE = YES_ERROR;
				CLANG_WARN_EMPTY_BODY = YES;
				CLANG_WARN_ENUM_CONVERSION = YES;
				CLANG_WARN_INT_CONVERSION = YES;
				CLANG_WARN_OBJC_ROOT_CLASS = YES_ERROR;
				CLANG_WARN_UNREACHABLE_CODE = YES;
				CLANG_WARN__DUPLICATE_METHOD_MATCH = YES;
				"CODE_SIGN_IDENTITY[sdk=iphoneos*]" = "iPhone Developer";
				COPY_PHASE_STRIP = NO;
				DEBUG_INFORMATION_FORMAT = dwarf;
				ENABLE_STRICT_OBJC_MSGSEND = YES;
				ENABLE_TESTABILITY = YES;
				GCC_C_LANGUAGE_STANDARD = gnu99;
				GCC_DYNAMIC_NO_PIC = NO;
				GCC_NO_COMMON_BLOCKS = YES;
				GCC_OPTIMIZATION_LEVEL = 0;
				GCC_PREPROCESSOR_DEFINITIONS = (
					"DEBUG=1",
					"$(inherited)",
				);
				GCC_WARN_64_TO_32_BIT_CONVERSION = YES;
				GCC_WARN_ABOUT_RETURN_TYPE = YES_ERROR;
				GCC_WARN_UNDECLARED_SELECTOR = YES;
				GCC_WARN_UNINITIALIZED_AUTOS = YES_AGGRESSIVE;
				GCC_WARN_UNUSED_FUNCTION = YES;
				GCC_WARN_UNUSED_VARIABLE = YES;
				IPHONEOS_DEPLOYMENT_TARGET = 9.2;
				MTL_ENABLE_DEBUG_INFO = YES;
				ONLY_ACTIVE_ARCH = YES;
				SDKROOT = iphoneos;
				SWIFT_OPTIMIZATION_LEVEL = "-Onone";
				TARGETED_DEVICE_FAMILY = "1,2";
			};
			name = Debug;
		};
		770E5DC61C36A40600EFB398 /* Release */ = {
			isa = XCBuildConfiguration;
			buildSettings = {
				ALWAYS_SEARCH_USER_PATHS = NO;
				CLANG_CXX_LANGUAGE_STANDARD = "gnu++0x";
				CLANG_CXX_LIBRARY = "libc++";
				CLANG_ENABLE_MODULES = YES;
				CLANG_ENABLE_OBJC_ARC = YES;
				CLANG_WARN_BOOL_CONVERSION = YES;
				CLANG_WARN_CONSTANT_CONVERSION = YES;
				CLANG_WARN_DIRECT_OBJC_ISA_USAGE = YES_ERROR;
				CLANG_WARN_EMPTY_BODY = YES;
				CLANG_WARN_ENUM_CONVERSION = YES;
				CLANG_WARN_INT_CONVERSION = YES;
				CLANG_WARN_OBJC_ROOT_CLASS = YES_ERROR;
				CLANG_WARN_UNREACHABLE_CODE = YES;
				CLANG_WARN__DUPLICATE_METHOD_MATCH = YES;
				"CODE_SIGN_IDENTITY[sdk=iphoneos*]" = "iPhone Developer";
				COPY_PHASE_STRIP = NO;
				DEBUG_INFORMATION_FORMAT = "dwarf-with-dsym";
				ENABLE_NS_ASSERTIONS = NO;
				ENABLE_STRICT_OBJC_MSGSEND = YES;
				GCC_C_LANGUAGE_STANDARD = gnu99;
				GCC_NO_COMMON_BLOCKS = YES;
				GCC_WARN_64_TO_32_BIT_CONVERSION = YES;
				GCC_WARN_ABOUT_RETURN_TYPE = YES_ERROR;
				GCC_WARN_UNDECLARED_SELECTOR = YES;
				GCC_WARN_UNINITIALIZED_AUTOS = YES_AGGRESSIVE;
				GCC_WARN_UNUSED_FUNCTION = YES;
				GCC_WARN_UNUSED_VARIABLE = YES;
				IPHONEOS_DEPLOYMENT_TARGET = 9.2;
				MTL_ENABLE_DEBUG_INFO = NO;
				SDKROOT = iphoneos;
				TARGETED_DEVICE_FAMILY = "1,2";
				VALIDATE_PRODUCT = YES;
			};
			name = Release;
		};
		770E5DC81C36A40600EFB398 /* Debug */ = {
			isa = XCBuildConfiguration;
			buildSettings = {
				ASSETCATALOG_COMPILER_APPICON_NAME = AppIcon;
				CODE_SIGN_IDENTITY = "iPhone Developer";
				"CODE_SIGN_IDENTITY[sdk=iphoneos*]" = "iPhone Developer";
				INFOPLIST_FILE = Joker/Info.plist;
				LD_RUNPATH_SEARCH_PATHS = "$(inherited) @executable_path/Frameworks";
				PRODUCT_BUNDLE_IDENTIFIER = land.josh.Joker;
				PRODUCT_NAME = "$(TARGET_NAME)";
				PROVISIONING_PROFILE = "";
			};
			name = Debug;
		};
		770E5DC91C36A40600EFB398 /* Release */ = {
			isa = XCBuildConfiguration;
			buildSettings = {
				ASSETCATALOG_COMPILER_APPICON_NAME = AppIcon;
				CODE_SIGN_IDENTITY = "iPhone Developer";
				"CODE_SIGN_IDENTITY[sdk=iphoneos*]" = "iPhone Developer";
				INFOPLIST_FILE = Joker/Info.plist;
				LD_RUNPATH_SEARCH_PATHS = "$(inherited) @executable_path/Frameworks";
				PRODUCT_BUNDLE_IDENTIFIER = land.josh.Joker;
				PRODUCT_NAME = "$(TARGET_NAME)";
				PROVISIONING_PROFILE = "";
			};
			name = Release;
		};
/* End XCBuildConfiguration section */

/* Begin XCConfigurationList section */
		770E5DB01C36A40600EFB398 /* Build configuration list for PBXProject "Joker" */ = {
			isa = XCConfigurationList;
			buildConfigurations = (
				770E5DC51C36A40600EFB398 /* Debug */,
				770E5DC61C36A40600EFB398 /* Release */,
			);
			defaultConfigurationIsVisible = 0;
			defaultConfigurationName = Release;
		};
		770E5DC71C36A40600EFB398 /* Build configuration list for PBXNativeTarget "Joker" */ = {
			isa = XCConfigurationList;
			buildConfigurations = (
				770E5DC81C36A40600EFB398 /* Debug */,
				770E5DC91C36A40600EFB398 /* Release */,
			);
			defaultConfigurationIsVisible = 0;
		};
/* End XCConfigurationList section */
	};
	rootObject = 770E5DAD1C36A40600EFB398 /* Project object */;
}
